
Microsoft Visual Studio Solution File, Format Version 12.00
# Visual Studio Version 17
VisualStudioVersion = 17.9.34728.123
MinimumVisualStudioVersion = 10.0.40219.1
Project("{FAE04EC0-301F-11D3-BF4B-00C04F79EFBC}") = "AS2324_5G_INF_IspaniFilippo_WebAPIRec", "AS2324_5G_INF_IspaniFilippo_WebAPIRec.csproj", "{684B5808-795E-4092-8B61-EA569503DE2D}"
EndProject
Global
	GlobalSection(SolutionConfigurationPlatforms) = preSolution
		Debug|Any CPU = Debug|Any CPU
		Release|Any CPU = Release|Any CPU
	EndGlobalSection
	GlobalSection(ProjectConfigurationPlatforms) = postSolution
		{684B5808-795E-4092-8B61-EA569503DE2D}.Debug|Any CPU.ActiveCfg = Debug|Any CPU
		{684B5808-795E-4092-8B61-EA569503DE2D}.Debug|Any CPU.Build.0 = Debug|Any CPU
		{684B5808-795E-4092-8B61-EA569503DE2D}.Release|Any CPU.ActiveCfg = Release|Any CPU
		{684B5808-795E-4092-8B61-EA569503DE2D}.Release|Any CPU.Build.0 = Release|Any CPU
	EndGlobalSection
	GlobalSection(SolutionProperties) = preSolution
		HideSolutionNode = FALSE
	EndGlobalSection
	GlobalSection(ExtensibilityGlobals) = postSolution
		SolutionGuid = {016426DC-A657-486E-9A89-F55B8ED98AF5}
	EndGlobalSection
EndGlobal
